<?xml version="1.0" encoding="utf-8"?>
<Project ToolsVersion="4.0" xmlns="http://schemas.microsoft.com/developer/msbuild/2003">
  <ItemGroup>
    <Filter Include="Common">
      <UniqueIdentifier>{a873d021-2f22-4805-a36f-39a523e41d51}</UniqueIdentifier>
    </Filter>
    <Filter Include="i">
      <UniqueIdentifier>{ceb73e58-3db0-4280-9e0d-2be012bc6916}</UniqueIdentifier>
    </Filter>
  </ItemGroup>
  <ItemGroup>
    <ClInclude Include="Common.h">
      <Filter>Common</Filter>
    </ClInclude>
    <ClInclude Include="i.h">
      <Filter>i</Filter>
    </ClInclude>
    <ClInclude Include="iTrace.h">
      <Filter>i</Filter>
    </ClInclude>
    <ClInclude Include="framework.h">
      <Filter>Common</Filter>
    </ClInclude>
    <ClInclude Include="pch.h">
      <Filter>Common</Filter>
    </ClInclude>
    <ClInclude Include="iBuffer.h">
      <Filter>i</Filter>
    </ClInclude>
    <ClInclude Include="iAutoLock.h">
      <Filter>i</Filter>
    </ClInclude>
    <ClInclude Include="iPlex.h">
      <Filter>i</Filter>
    </ClInclude>
    <ClInclude Include="iFixedAlloc.h">
      <Filter>i</Filter>
    </ClInclude>
    <ClInclude Include="iTemplate.h">
      <Filter>i</Filter>
    </ClInclude>
    <ClInclude Include="iList.h">
      <Filter>i</Filter>
    </ClInclude>
    <ClInclude Include="iArray.h">
      <Filter>i</Filter>
    </ClInclude>
    <ClInclude Include="iMap.h">
      <Filter>i</Filter>
    </ClInclude>
    <ClInclude Include="iString.h">
      <Filter>i</Filter>
    </ClInclude>
    <ClInclude Include="iPtr.h">
      <Filter>i</Filter>
    </ClInclude>
    <ClInclude Include="iObject.h">
      <Filter>i</Filter>
    </ClInclude>
    <ClInclude Include="iSingleton.h">
      <Filter>i</Filter>
    </ClInclude>
    <ClInclude Include="iVariant.h">
      <Filter>i</Filter>
    </ClInclude>
  </ItemGroup>
  <ItemGroup>
    <ClCompile Include="iTrace.cpp">
      <Filter>i</Filter>
    </ClCompile>
    <ClCompile Include="pch.cpp">
      <Filter>Common</Filter>
    </ClCompile>
    <ClCompile Include="iString.cpp">
      <Filter>i</Filter>
    </ClCompile>
    <ClCompile Include="iObject.cpp">
      <Filter>i</Filter>
    </ClCompile>
    <ClCompile Include="iVariant.cpp">
      <Filter>i</Filter>
    </ClCompile>
  </ItemGroup>
</Project>